
Microsoft Visual Studio Solution File, Format Version 12.00
# Visual Studio Version 17
VisualStudioVersion = 17.11.35312.102
MinimumVisualStudioVersion = 10.0.40219.1
Project("{FAE04EC0-301F-11D3-BF4B-00C04F79EFBC}") = "CMS.Api", "src\CMS.Api\CMS.Api.csproj", "{3F927E9F-3966-4C29-BC4A-DAF4FBD41ECB}"
EndProject
Project("{FAE04EC0-301F-11D3-BF4B-00C04F79EFBC}") = "CMS.Core", "src\CMS.Core\CMS.Core.csproj", "{43A6548C-38A1-43DD-AB0F-CC33F4BCC643}"
EndProject
Project("{FAE04EC0-301F-11D3-BF4B-00C04F79EFBC}") = "CMS.Infrastructure", "src\CMS.Infrastructure\CMS.Infrastructure.csproj", "{97C77398-613E-4C78-97D4-2AFEAB746945}"
EndProject
Project("{FAE04EC0-301F-11D3-BF4B-00C04F79EFBC}") = "CMS.WebApp", "src\CMS.WebApp\CMS.WebApp.csproj", "{C3664F08-6171-4A27-9521-AD62AD02E70D}"
EndProject
Global
	GlobalSection(SolutionConfigurationPlatforms) = preSolution
		Debug|Any CPU = Debug|Any CPU
		Release|Any CPU = Release|Any CPU
	EndGlobalSection
	GlobalSection(ProjectConfigurationPlatforms) = postSolution
		{3F927E9F-3966-4C29-BC4A-DAF4FBD41ECB}.Debug|Any CPU.ActiveCfg = Debug|Any CPU
		{3F927E9F-3966-4C29-BC4A-DAF4FBD41ECB}.Debug|Any CPU.Build.0 = Debug|Any CPU
		{3F927E9F-3966-4C29-BC4A-DAF4FBD41ECB}.Release|Any CPU.ActiveCfg = Release|Any CPU
		{3F927E9F-3966-4C29-BC4A-DAF4FBD41ECB}.Release|Any CPU.Build.0 = Release|Any CPU
		{43A6548C-38A1-43DD-AB0F-CC33F4BCC643}.Debug|Any CPU.ActiveCfg = Debug|Any CPU
		{43A6548C-38A1-43DD-AB0F-CC33F4BCC643}.Debug|Any CPU.Build.0 = Debug|Any CPU
		{43A6548C-38A1-43DD-AB0F-CC33F4BCC643}.Release|Any CPU.ActiveCfg = Release|Any CPU
		{43A6548C-38A1-43DD-AB0F-CC33F4BCC643}.Release|Any CPU.Build.0 = Release|Any CPU
		{97C77398-613E-4C78-97D4-2AFEAB746945}.Debug|Any CPU.ActiveCfg = Debug|Any CPU
		{97C77398-613E-4C78-97D4-2AFEAB746945}.Debug|Any CPU.Build.0 = Debug|Any CPU
		{97C77398-613E-4C78-97D4-2AFEAB746945}.Release|Any CPU.ActiveCfg = Release|Any CPU
		{97C77398-613E-4C78-97D4-2AFEAB746945}.Release|Any CPU.Build.0 = Release|Any CPU
		{C3664F08-6171-4A27-9521-AD62AD02E70D}.Debug|Any CPU.ActiveCfg = Debug|Any CPU
		{C3664F08-6171-4A27-9521-AD62AD02E70D}.Debug|Any CPU.Build.0 = Debug|Any CPU
		{C3664F08-6171-4A27-9521-AD62AD02E70D}.Release|Any CPU.ActiveCfg = Release|Any CPU
		{C3664F08-6171-4A27-9521-AD62AD02E70D}.Release|Any CPU.Build.0 = Release|Any CPU
	EndGlobalSection
	GlobalSection(SolutionProperties) = preSolution
		HideSolutionNode = FALSE
	EndGlobalSection
	GlobalSection(ExtensibilityGlobals) = postSolution
		SolutionGuid = {2460C95B-C4E0-4DCC-8E86-3E122D8CB4F3}
	EndGlobalSection
EndGlobal
